
Microsoft Visual Studio Solution File, Format Version 12.00
# Visual Studio Version 16
VisualStudioVersion = 16.0.29509.3
MinimumVisualStudioVersion = 10.0.40219.1
Project("{FAE04EC0-301F-11D3-BF4B-00C04F79EFBC}") = "MvcMovie", "MvcMovie\MvcMovie.csproj", "{C0190F3D-9465-4D9E-B858-DFC9E699ED8E}"
EndProject
Global
	GlobalSection(SolutionConfigurationPlatforms) = preSolution
		Debug|Any CPU = Debug|Any CPU
		Release|Any CPU = Release|Any CPU
	EndGlobalSection
	GlobalSection(ProjectConfigurationPlatforms) = postSolution
		{C0190F3D-9465-4D9E-B858-DFC9E699ED8E}.Debug|Any CPU.ActiveCfg = Debug|Any CPU
		{C0190F3D-9465-4D9E-B858-DFC9E699ED8E}.Debug|Any CPU.Build.0 = Debug|Any CPU
		{C0190F3D-9465-4D9E-B858-DFC9E699ED8E}.Release|Any CPU.ActiveCfg = Release|Any CPU
		{C0190F3D-9465-4D9E-B858-DFC9E699ED8E}.Release|Any CPU.Build.0 = Release|Any CPU
	EndGlobalSection
	GlobalSection(SolutionProperties) = preSolution
		HideSolutionNode = FALSE
	EndGlobalSection
	GlobalSection(ExtensibilityGlobals) = postSolution
		SolutionGuid = {4F3FAC5C-CD66-43DD-8BBB-5F7CC1150AD2}
	EndGlobalSection
EndGlobal
